// !$*UTF8*$!
{
	archiveVersion = 1;
	classes = {
	};
	objectVersion = 46;
	objects = {

/* Begin PBXBuildFile section */
		7317F3901FC6C8300050B004 /* ExpandebleTableViewCell.swift in Sources */ = {isa = PBXBuildFile; fileRef = 7317F38E1FC6C8300050B004 /* ExpandebleTableViewCell.swift */; };
		7317F3911FC6C8300050B004 /* ExpandebleTableViewCell.xib in Resources */ = {isa = PBXBuildFile; fileRef = 7317F38F1FC6C8300050B004 /* ExpandebleTableViewCell.xib */; };
		73B21A881FC6C01400843CD3 /* AppDelegate.swift in Sources */ = {isa = PBXBuildFile; fileRef = 73B21A871FC6C01400843CD3 /* AppDelegate.swift */; };
		73B21A8A1FC6C01400843CD3 /* ViewController.swift in Sources */ = {isa = PBXBuildFile; fileRef = 73B21A891FC6C01400843CD3 /* ViewController.swift */; };
		73B21A8D1FC6C01400843CD3 /* Main.storyboard in Resources */ = {isa = PBXBuildFile; fileRef = 73B21A8B1FC6C01400843CD3 /* Main.storyboard */; };
		73B21A8F1FC6C01400843CD3 /* Assets.xcassets in Resources */ = {isa = PBXBuildFile; fileRef = 73B21A8E1FC6C01400843CD3 /* Assets.xcassets */; };
		73B21A921FC6C01400843CD3 /* LaunchScreen.storyboard in Resources */ = {isa = PBXBuildFile; fileRef = 73B21A901FC6C01400843CD3 /* LaunchScreen.storyboard */; };
		73B21A9D1FC6C01400843CD3 /* PDPReatingAndReviewExpandebleLabelTests.swift in Sources */ = {isa = PBXBuildFile; fileRef = 73B21A9C1FC6C01400843CD3 /* PDPReatingAndReviewExpandebleLabelTests.swift */; };
		73B21AA81FC6C01400843CD3 /* PDPReatingAndReviewExpandebleLabelUITests.swift in Sources */ = {isa = PBXBuildFile; fileRef = 73B21AA71FC6C01400843CD3 /* PDPReatingAndReviewExpandebleLabelUITests.swift */; };
		73B21AB61FC6C13300843CD3 /* CustumTableViewCell.swift in Sources */ = {isa = PBXBuildFile; fileRef = 73B21AB51FC6C13300843CD3 /* CustumTableViewCell.swift */; };
		76654C665BF64C8C58C4F99F /* Pods_PDPReatingAndReviewExpandebleLabel.framework in Frameworks */ = {isa = PBXBuildFile; fileRef = 36CF7B7574CA79F1E57FE02E /* Pods_PDPReatingAndReviewExpandebleLabel.framework */; };
/* End PBXBuildFile section */

/* Begin PBXContainerItemProxy section */
		73B21A991FC6C01400843CD3 /* PBXContainerItemProxy */ = {
			isa = PBXContainerItemProxy;
			containerPortal = 73B21A7C1FC6C01300843CD3 /* Project object */;
			proxyType = 1;
			remoteGlobalIDString = 73B21A831FC6C01400843CD3;
			remoteInfo = PDPReatingAndReviewExpandebleLabel;
		};
		73B21AA41FC6C01400843CD3 /* PBXContainerItemProxy */ = {
			isa = PBXContainerItemProxy;
			containerPortal = 73B21A7C1FC6C01300843CD3 /* Project object */;
			proxyType = 1;
			remoteGlobalIDString = 73B21A831FC6C01400843CD3;
			remoteInfo = PDPReatingAndReviewExpandebleLabel;
		};
/* End PBXContainerItemProxy section */

/* Begin PBXFileReference section */
		302528AF31A29BFFFC7E2F0A /* Pods-PDPReatingAndReviewExpandebleLabel.debug.xcconfig */ = {isa = PBXFileReference; includeInIndex = 1; lastKnownFileType = text.xcconfig; name = "Pods-PDPReatingAndReviewExpandebleLabel.debug.xcconfig"; path = "Pods/Target Support Files/Pods-PDPReatingAndReviewExpandebleLabel/Pods-PDPReatingAndReviewExpandebleLabel.debug.xcconfig"; sourceTree = "<group>"; };
		36CF7B7574CA79F1E57FE02E /* Pods_PDPReatingAndReviewExpandebleLabel.framework */ = {isa = PBXFileReference; explicitFileType = wrapper.framework; includeInIndex = 0; path = Pods_PDPReatingAndReviewExpandebleLabel.framework; sourceTree = BUILT_PRODUCTS_DIR; };
		7317F38E1FC6C8300050B004 /* ExpandebleTableViewCell.swift */ = {isa = PBXFileReference; fileEncoding = 4; lastKnownFileType = sourcecode.swift; path = ExpandebleTableViewCell.swift; sourceTree = "<group>"; };
		7317F38F1FC6C8300050B004 /* ExpandebleTableViewCell.xib */ = {isa = PBXFileReference; fileEncoding = 4; lastKnownFileType = file.xib; path = ExpandebleTableViewCell.xib; sourceTree = "<group>"; };
		73B21A841FC6C01400843CD3 /* PDPReatingAndReviewExpandebleLabel.app */ = {isa = PBXFileReference; explicitFileType = wrapper.application; includeInIndex = 0; path = PDPReatingAndReviewExpandebleLabel.app; sourceTree = BUILT_PRODUCTS_DIR; };
		73B21A871FC6C01400843CD3 /* AppDelegate.swift */ = {isa = PBXFileReference; lastKnownFileType = sourcecode.swift; path = AppDelegate.swift; sourceTree = "<group>"; };
		73B21A891FC6C01400843CD3 /* ViewController.swift */ = {isa = PBXFileReference; lastKnownFileType = sourcecode.swift; path = ViewController.swift; sourceTree = "<group>"; };
		73B21A8C1FC6C01400843CD3 /* Base */ = {isa = PBXFileReference; lastKnownFileType = file.storyboard; name = Base; path = Base.lproj/Main.storyboard; sourceTree = "<group>"; };
		73B21A8E1FC6C01400843CD3 /* Assets.xcassets */ = {isa = PBXFileReference; lastKnownFileType = folder.assetcatalog; path = Assets.xcassets; sourceTree = "<group>"; };
		73B21A911FC6C01400843CD3 /* Base */ = {isa = PBXFileReference; lastKnownFileType = file.storyboard; name = Base; path = Base.lproj/LaunchScreen.storyboard; sourceTree = "<group>"; };
		73B21A931FC6C01400843CD3 /* Info.plist */ = {isa = PBXFileReference; lastKnownFileType = text.plist.xml; path = Info.plist; sourceTree = "<group>"; };
		73B21A981FC6C01400843CD3 /* PDPReatingAndReviewExpandebleLabelTests.xctest */ = {isa = PBXFileReference; explicitFileType = wrapper.cfbundle; includeInIndex = 0; path = PDPReatingAndReviewExpandebleLabelTests.xctest; sourceTree = BUILT_PRODUCTS_DIR; };
		73B21A9C1FC6C01400843CD3 /* PDPReatingAndReviewExpandebleLabelTests.swift */ = {isa = PBXFileReference; lastKnownFileType = sourcecode.swift; path = PDPReatingAndReviewExpandebleLabelTests.swift; sourceTree = "<group>"; };
		73B21A9E1FC6C01400843CD3 /* Info.plist */ = {isa = PBXFileReference; lastKnownFileType = text.plist.xml; path = Info.plist; sourceTree = "<group>"; };
		73B21AA31FC6C01400843CD3 /* PDPReatingAndReviewExpandebleLabelUITests.xctest */ = {isa = PBXFileReference; explicitFileType = wrapper.cfbundle; includeInIndex = 0; path = PDPReatingAndReviewExpandebleLabelUITests.xctest; sourceTree = BUILT_PRODUCTS_DIR; };
		73B21AA71FC6C01400843CD3 /* PDPReatingAndReviewExpandebleLabelUITests.swift */ = {isa = PBXFileReference; lastKnownFileType = sourcecode.swift; path = PDPReatingAndReviewExpandebleLabelUITests.swift; sourceTree = "<group>"; };
		73B21AA91FC6C01400843CD3 /* Info.plist */ = {isa = PBXFileReference; lastKnownFileType = text.plist.xml; path = Info.plist; sourceTree = "<group>"; };
		73B21AB51FC6C13300843CD3 /* CustumTableViewCell.swift */ = {isa = PBXFileReference; fileEncoding = 4; lastKnownFileType = sourcecode.swift; path = CustumTableViewCell.swift; sourceTree = "<group>"; };
		E17F383772EA07BDB544CA2B /* Pods-PDPReatingAndReviewExpandebleLabel.release.xcconfig */ = {isa = PBXFileReference; includeInIndex = 1; lastKnownFileType = text.xcconfig; name = "Pods-PDPReatingAndReviewExpandebleLabel.release.xcconfig"; path = "Pods/Target Support Files/Pods-PDPReatingAndReviewExpandebleLabel/Pods-PDPReatingAndReviewExpandebleLabel.release.xcconfig"; sourceTree = "<group>"; };
/* End PBXFileReference section */

/* Begin PBXFrameworksBuildPhase section */
		73B21A811FC6C01400843CD3 /* Frameworks */ = {
			isa = PBXFrameworksBuildPhase;
			buildActionMask = 2147483647;
			files = (
				76654C665BF64C8C58C4F99F /* Pods_PDPReatingAndReviewExpandebleLabel.framework in Frameworks */,
			);
			runOnlyForDeploymentPostprocessing = 0;
		};
		73B21A951FC6C01400843CD3 /* Frameworks */ = {
			isa = PBXFrameworksBuildPhase;
			buildActionMask = 2147483647;
			files = (
			);
			runOnlyForDeploymentPostprocessing = 0;
		};
		73B21AA01FC6C01400843CD3 /* Frameworks */ = {
			isa = PBXFrameworksBuildPhase;
			buildActionMask = 2147483647;
			files = (
			);
			runOnlyForDeploymentPostprocessing = 0;
		};
/* End PBXFrameworksBuildPhase section */

/* Begin PBXGroup section */
		62DBDAD39AB1CCC863366EAB /* Pods */ = {
			isa = PBXGroup;
			children = (
				302528AF31A29BFFFC7E2F0A /* Pods-PDPReatingAndReviewExpandebleLabel.debug.xcconfig */,
				E17F383772EA07BDB544CA2B /* Pods-PDPReatingAndReviewExpandebleLabel.release.xcconfig */,
			);
			name = Pods;
			sourceTree = "<group>";
		};
		7317F3921FC6C83A0050B004 /* CustomCell */ = {
			isa = PBXGroup;
			children = (
				7317F3951FC6C86D0050B004 /* Expandable */,
				73B21AB51FC6C13300843CD3 /* CustumTableViewCell.swift */,
			);
			name = CustomCell;
			sourceTree = "<group>";
		};
		7317F3931FC6C84F0050B004 /* VIewController */ = {
			isa = PBXGroup;
			children = (
				73B21A891FC6C01400843CD3 /* ViewController.swift */,
			);
			name = VIewController;
			sourceTree = "<group>";
		};
		7317F3941FC6C8610050B004 /* Storyboard */ = {
			isa = PBXGroup;
			children = (
				73B21A8B1FC6C01400843CD3 /* Main.storyboard */,
				73B21A901FC6C01400843CD3 /* LaunchScreen.storyboard */,
			);
			name = Storyboard;
			sourceTree = "<group>";
		};
		7317F3951FC6C86D0050B004 /* Expandable */ = {
			isa = PBXGroup;
			children = (
				7317F38E1FC6C8300050B004 /* ExpandebleTableViewCell.swift */,
				7317F38F1FC6C8300050B004 /* ExpandebleTableViewCell.xib */,
			);
			name = Expandable;
			sourceTree = "<group>";
		};
		73B21A7B1FC6C01300843CD3 = {
			isa = PBXGroup;
			children = (
				73B21A861FC6C01400843CD3 /* PDPReatingAndReviewExpandebleLabel */,
				73B21A9B1FC6C01400843CD3 /* PDPReatingAndReviewExpandebleLabelTests */,
				73B21AA61FC6C01400843CD3 /* PDPReatingAndReviewExpandebleLabelUITests */,
				73B21A851FC6C01400843CD3 /* Products */,
				62DBDAD39AB1CCC863366EAB /* Pods */,
				73D17203C95AC4F4D92D87C7 /* Frameworks */,
			);
			sourceTree = "<group>";
		};
		73B21A851FC6C01400843CD3 /* Products */ = {
			isa = PBXGroup;
			children = (
				73B21A841FC6C01400843CD3 /* PDPReatingAndReviewExpandebleLabel.app */,
				73B21A981FC6C01400843CD3 /* PDPReatingAndReviewExpandebleLabelTests.xctest */,
				73B21AA31FC6C01400843CD3 /* PDPReatingAndReviewExpandebleLabelUITests.xctest */,
			);
			name = Products;
			sourceTree = "<group>";
		};
		73B21A861FC6C01400843CD3 /* PDPReatingAndReviewExpandebleLabel */ = {
			isa = PBXGroup;
			children = (
				73B21A871FC6C01400843CD3 /* AppDelegate.swift */,
				7317F3931FC6C84F0050B004 /* VIewController */,
				7317F3921FC6C83A0050B004 /* CustomCell */,
				7317F3941FC6C8610050B004 /* Storyboard */,
				73B21A8E1FC6C01400843CD3 /* Assets.xcassets */,
				73B21A931FC6C01400843CD3 /* Info.plist */,
			);
			path = PDPReatingAndReviewExpandebleLabel;
			sourceTree = "<group>";
		};
		73B21A9B1FC6C01400843CD3 /* PDPReatingAndReviewExpandebleLabelTests */ = {
			isa = PBXGroup;
			children = (
				73B21A9C1FC6C01400843CD3 /* PDPReatingAndReviewExpandebleLabelTests.swift */,
				73B21A9E1FC6C01400843CD3 /* Info.plist */,
			);
			path = PDPReatingAndReviewExpandebleLabelTests;
			sourceTree = "<group>";
		};
		73B21AA61FC6C01400843CD3 /* PDPReatingAndReviewExpandebleLabelUITests */ = {
			isa = PBXGroup;
			children = (
				73B21AA71FC6C01400843CD3 /* PDPReatingAndReviewExpandebleLabelUITests.swift */,
				73B21AA91FC6C01400843CD3 /* Info.plist */,
			);
			path = PDPReatingAndReviewExpandebleLabelUITests;
			sourceTree = "<group>";
		};
		73D17203C95AC4F4D92D87C7 /* Frameworks */ = {
			isa = PBXGroup;
			children = (
				36CF7B7574CA79F1E57FE02E /* Pods_PDPReatingAndReviewExpandebleLabel.framework */,
			);
			name = Frameworks;
			sourceTree = "<group>";
		};
/* End PBXGroup section */

/* Begin PBXNativeTarget section */
		73B21A831FC6C01400843CD3 /* PDPReatingAndReviewExpandebleLabel */ = {
			isa = PBXNativeTarget;
			buildConfigurationList = 73B21AAC1FC6C01400843CD3 /* Build configuration list for PBXNativeTarget "PDPReatingAndReviewExpandebleLabel" */;
			buildPhases = (
				101D25D97630A48ADEF50CC9 /* [CP] Check Pods Manifest.lock */,
				73B21A801FC6C01400843CD3 /* Sources */,
				73B21A811FC6C01400843CD3 /* Frameworks */,
				73B21A821FC6C01400843CD3 /* Resources */,
				58BF596E5795C413157C9507 /* [CP] Embed Pods Frameworks */,
				7D4F9E27BC2C1B562876722F /* [CP] Copy Pods Resources */,
			);
			buildRules = (
			);
			dependencies = (
			);
			name = PDPReatingAndReviewExpandebleLabel;
			productName = PDPReatingAndReviewExpandebleLabel;
			productReference = 73B21A841FC6C01400843CD3 /* PDPReatingAndReviewExpandebleLabel.app */;
			productType = "com.apple.product-type.application";
		};
		73B21A971FC6C01400843CD3 /* PDPReatingAndReviewExpandebleLabelTests */ = {
			isa = PBXNativeTarget;
			buildConfigurationList = 73B21AAF1FC6C01400843CD3 /* Build configuration list for PBXNativeTarget "PDPReatingAndReviewExpandebleLabelTests" */;
			buildPhases = (
				73B21A941FC6C01400843CD3 /* Sources */,
				73B21A951FC6C01400843CD3 /* Frameworks */,
				73B21A961FC6C01400843CD3 /* Resources */,
			);
			buildRules = (
			);
			dependencies = (
				73B21A9A1FC6C01400843CD3 /* PBXTargetDependency */,
			);
			name = PDPReatingAndReviewExpandebleLabelTests;
			productName = PDPReatingAndReviewExpandebleLabelTests;
			productReference = 73B21A981FC6C01400843CD3 /* PDPReatingAndReviewExpandebleLabelTests.xctest */;
			productType = "com.apple.product-type.bundle.unit-test";
		};
		73B21AA21FC6C01400843CD3 /* PDPReatingAndReviewExpandebleLabelUITests */ = {
			isa = PBXNativeTarget;
			buildConfigurationList = 73B21AB21FC6C01400843CD3 /* Build configuration list for PBXNativeTarget "PDPReatingAndReviewExpandebleLabelUITests" */;
			buildPhases = (
				73B21A9F1FC6C01400843CD3 /* Sources */,
				73B21AA01FC6C01400843CD3 /* Frameworks */,
				73B21AA11FC6C01400843CD3 /* Resources */,
			);
			buildRules = (
			);
			dependencies = (
				73B21AA51FC6C01400843CD3 /* PBXTargetDependency */,
			);
			name = PDPReatingAndReviewExpandebleLabelUITests;
			productName = PDPReatingAndReviewExpandebleLabelUITests;
			productReference = 73B21AA31FC6C01400843CD3 /* PDPReatingAndReviewExpandebleLabelUITests.xctest */;
			productType = "com.apple.product-type.bundle.ui-testing";
		};
/* End PBXNativeTarget section */

/* Begin PBXProject section */
		73B21A7C1FC6C01300843CD3 /* Project object */ = {
			isa = PBXProject;
			attributes = {
				LastSwiftUpdateCheck = 0830;
				LastUpgradeCheck = 0830;
				ORGANIZATIONNAME = Wind3;
				TargetAttributes = {
					73B21A831FC6C01400843CD3 = {
						CreatedOnToolsVersion = 8.3.3;
						ProvisioningStyle = Automatic;
					};
					73B21A971FC6C01400843CD3 = {
						CreatedOnToolsVersion = 8.3.3;
						ProvisioningStyle = Automatic;
						TestTargetID = 73B21A831FC6C01400843CD3;
					};
					73B21AA21FC6C01400843CD3 = {
						CreatedOnToolsVersion = 8.3.3;
						ProvisioningStyle = Automatic;
						TestTargetID = 73B21A831FC6C01400843CD3;
					};
				};
			};
			buildConfigurationList = 73B21A7F1FC6C01300843CD3 /* Build configuration list for PBXProject "PDPReatingAndReviewExpandebleLabel" */;
			compatibilityVersion = "Xcode 3.2";
			developmentRegion = English;
			hasScannedForEncodings = 0;
			knownRegions = (
				en,
				Base,
			);
			mainGroup = 73B21A7B1FC6C01300843CD3;
			productRefGroup = 73B21A851FC6C01400843CD3 /* Products */;
			projectDirPath = "";
			projectRoot = "";
			targets = (
				73B21A831FC6C01400843CD3 /* PDPReatingAndReviewExpandebleLabel */,
				73B21A971FC6C01400843CD3 /* PDPReatingAndReviewExpandebleLabelTests */,
				73B21AA21FC6C01400843CD3 /* PDPReatingAndReviewExpandebleLabelUITests */,
			);
		};
/* End PBXProject section */

/* Begin PBXResourcesBuildPhase section */
		73B21A821FC6C01400843CD3 /* Resources */ = {
			isa = PBXResourcesBuildPhase;
			buildActionMask = 2147483647;
			files = (
				73B21A921FC6C01400843CD3 /* LaunchScreen.storyboard in Resources */,
				73B21A8F1FC6C01400843CD3 /* Assets.xcassets in Resources */,
				73B21A8D1FC6C01400843CD3 /* Main.storyboard in Resources */,
				7317F3911FC6C8300050B004 /* ExpandebleTableViewCell.xib in Resources */,
			);
			runOnlyForDeploymentPostprocessing = 0;
		};
		73B21A961FC6C01400843CD3 /* Resources */ = {
			isa = PBXResourcesBuildPhase;
			buildActionMask = 2147483647;
			files = (
			);
			runOnlyForDeploymentPostprocessing = 0;
		};
		73B21AA11FC6C01400843CD3 /* Resources */ = {
			isa = PBXResourcesBuildPhase;
			buildActionMask = 2147483647;
			files = (
			);
			runOnlyForDeploymentPostprocessing = 0;
		};
/* End PBXResourcesBuildPhase section */

/* Begin PBXShellScriptBuildPhase section */
		101D25D97630A48ADEF50CC9 /* [CP] Check Pods Manifest.lock */ = {
			isa = PBXShellScriptBuildPhase;
			buildActionMask = 2147483647;
			files = (
			);
			inputPaths = (
				"${PODS_PODFILE_DIR_PATH}/Podfile.lock",
				"${PODS_ROOT}/Manifest.lock",
			);
			name = "[CP] Check Pods Manifest.lock";
			outputPaths = (
				"$(DERIVED_FILE_DIR)/Pods-PDPReatingAndReviewExpandebleLabel-checkManifestLockResult.txt",
			);
			runOnlyForDeploymentPostprocessing = 0;
			shellPath = /bin/sh;
			shellScript = "diff \"${PODS_PODFILE_DIR_PATH}/Podfile.lock\" \"${PODS_ROOT}/Manifest.lock\" > /dev/null\nif [ $? != 0 ] ; then\n    # print error to STDERR\n    echo \"error: The sandbox is not in sync with the Podfile.lock. Run 'pod install' or update your CocoaPods installation.\" >&2\n    exit 1\nfi\n# This output is used by Xcode 'outputs' to avoid re-running this script phase.\necho \"SUCCESS\" > \"${SCRIPT_OUTPUT_FILE_0}\"\n";
			showEnvVarsInLog = 0;
		};
		58BF596E5795C413157C9507 /* [CP] Embed Pods Frameworks */ = {
			isa = PBXShellScriptBuildPhase;
			buildActionMask = 2147483647;
			files = (
			);
			inputPaths = (
				"${SRCROOT}/Pods/Target Support Files/Pods-PDPReatingAndReviewExpandebleLabel/Pods-PDPReatingAndReviewExpandebleLabel-frameworks.sh",
				"${BUILT_PRODUCTS_DIR}/ExpandableLabel/ExpandableLabel.framework",
			);
			name = "[CP] Embed Pods Frameworks";
			outputPaths = (
				"${TARGET_BUILD_DIR}/${FRAMEWORKS_FOLDER_PATH}/ExpandableLabel.framework",
			);
			runOnlyForDeploymentPostprocessing = 0;
			shellPath = /bin/sh;
			shellScript = "\"${SRCROOT}/Pods/Target Support Files/Pods-PDPReatingAndReviewExpandebleLabel/Pods-PDPReatingAndReviewExpandebleLabel-frameworks.sh\"\n";
			showEnvVarsInLog = 0;
		};
		7D4F9E27BC2C1B562876722F /* [CP] Copy Pods Resources */ = {
			isa = PBXShellScriptBuildPhase;
			buildActionMask = 2147483647;
			files = (
			);
			inputPaths = (
			);
			name = "[CP] Copy Pods Resources";
			outputPaths = (
			);
			runOnlyForDeploymentPostprocessing = 0;
			shellPath = /bin/sh;
			shellScript = "\"${SRCROOT}/Pods/Target Support Files/Pods-PDPReatingAndReviewExpandebleLabel/Pods-PDPReatingAndReviewExpandebleLabel-resources.sh\"\n";
			showEnvVarsInLog = 0;
		};
/* End PBXShellScriptBuildPhase section */

/* Begin PBXSourcesBuildPhase section */
		73B21A801FC6C01400843CD3 /* Sources */ = {
			isa = PBXSourcesBuildPhase;
			buildActionMask = 2147483647;
			files = (
				73B21AB61FC6C13300843CD3 /* CustumTableViewCell.swift in Sources */,
				73B21A8A1FC6C01400843CD3 /* ViewController.swift in Sources */,
				73B21A881FC6C01400843CD3 /* AppDelegate.swift in Sources */,
				7317F3901FC6C8300050B004 /* ExpandebleTableViewCell.swift in Sources */,
			);
			runOnlyForDeploymentPostprocessing = 0;
		};
		73B21A941FC6C01400843CD3 /* Sources */ = {
			isa = PBXSourcesBuildPhase;
			buildActionMask = 2147483647;
			files = (
				73B21A9D1FC6C01400843CD3 /* PDPReatingAndReviewExpandebleLabelTests.swift in Sources */,
			);
			runOnlyForDeploymentPostprocessing = 0;
		};
		73B21A9F1FC6C01400843CD3 /* Sources */ = {
			isa = PBXSourcesBuildPhase;
			buildActionMask = 2147483647;
			files = (
				73B21AA81FC6C01400843CD3 /* PDPReatingAndReviewExpandebleLabelUITests.swift in Sources */,
			);
			runOnlyForDeploymentPostprocessing = 0;
		};
/* End PBXSourcesBuildPhase section */

/* Begin PBXTargetDependency section */
		73B21A9A1FC6C01400843CD3 /* PBXTargetDependency */ = {
			isa = PBXTargetDependency;
			target = 73B21A831FC6C01400843CD3 /* PDPReatingAndReviewExpandebleLabel */;
			targetProxy = 73B21A991FC6C01400843CD3 /* PBXContainerItemProxy */;
		};
		73B21AA51FC6C01400843CD3 /* PBXTargetDependency */ = {
			isa = PBXTargetDependency;
			target = 73B21A831FC6C01400843CD3 /* PDPReatingAndReviewExpandebleLabel */;
			targetProxy = 73B21AA41FC6C01400843CD3 /* PBXContainerItemProxy */;
		};
/* End PBXTargetDependency section */

/* Begin PBXVariantGroup section */
		73B21A8B1FC6C01400843CD3 /* Main.storyboard */ = {
			isa = PBXVariantGroup;
			children = (
				73B21A8C1FC6C01400843CD3 /* Base */,
			);
			name = Main.storyboard;
			sourceTree = "<group>";
		};
		73B21A901FC6C01400843CD3 /* LaunchScreen.storyboard */ = {
			isa = PBXVariantGroup;
			children = (
				73B21A911FC6C01400843CD3 /* Base */,
			);
			name = LaunchScreen.storyboard;
			sourceTree = "<group>";
		};
/* End PBXVariantGroup section */

/* Begin XCBuildConfiguration section */
		73B21AAA1FC6C01400843CD3 /* Debug */ = {
			isa = XCBuildConfiguration;
			buildSettings = {
				ALWAYS_SEARCH_USER_PATHS = NO;
				CLANG_ANALYZER_NONNULL = YES;
				CLANG_ANALYZER_NUMBER_OBJECT_CONVERSION = YES_AGGRESSIVE;
				CLANG_CXX_LANGUAGE_STANDARD = "gnu++0x";
				CLANG_CXX_LIBRARY = "libc++";
				CLANG_ENABLE_MODULES = YES;
				CLANG_ENABLE_OBJC_ARC = YES;
				CLANG_WARN_BOOL_CONVERSION = YES;
				CLANG_WARN_CONSTANT_CONVERSION = YES;
				CLANG_WARN_DIRECT_OBJC_ISA_USAGE = YES_ERROR;
				CLANG_WARN_DOCUMENTATION_COMMENTS = YES;
				CLANG_WARN_EMPTY_BODY = YES;
				CLANG_WARN_ENUM_CONVERSION = YES;
				CLANG_WARN_INFINITE_RECURSION = YES;
				CLANG_WARN_INT_CONVERSION = YES;
				CLANG_WARN_OBJC_ROOT_CLASS = YES_ERROR;
				CLANG_WARN_SUSPICIOUS_MOVE = YES;
				CLANG_WARN_UNREACHABLE_CODE = YES;
				CLANG_WARN__DUPLICATE_METHOD_MATCH = YES;
				"CODE_SIGN_IDENTITY[sdk=iphoneos*]" = "iPhone Developer";
				COPY_PHASE_STRIP = NO;
				DEBUG_INFORMATION_FORMAT = dwarf;
				ENABLE_STRICT_OBJC_MSGSEND = YES;
				ENABLE_TESTABILITY = YES;
				GCC_C_LANGUAGE_STANDARD = gnu99;
				GCC_DYNAMIC_NO_PIC = NO;
				GCC_NO_COMMON_BLOCKS = YES;
				GCC_OPTIMIZATION_LEVEL = 0;
				GCC_PREPROCESSOR_DEFINITIONS = (
					"DEBUG=1",
					"$(inherited)",
				);
				GCC_WARN_64_TO_32_BIT_CONVERSION = YES;
				GCC_WARN_ABOUT_RETURN_TYPE = YES_ERROR;
				GCC_WARN_UNDECLARED_SELECTOR = YES;
				GCC_WARN_UNINITIALIZED_AUTOS = YES_AGGRESSIVE;
				GCC_WARN_UNUSED_FUNCTION = YES;
				GCC_WARN_UNUSED_VARIABLE = YES;
				IPHONEOS_DEPLOYMENT_TARGET = 10.3;
				MTL_ENABLE_DEBUG_INFO = YES;
				ONLY_ACTIVE_ARCH = YES;
				SDKROOT = iphoneos;
				SWIFT_ACTIVE_COMPILATION_CONDITIONS = DEBUG;
				SWIFT_OPTIMIZATION_LEVEL = "-Onone";
				TARGETED_DEVICE_FAMILY = "1,2";
			};
			name = Debug;
		};
		73B21AAB1FC6C01400843CD3 /* Release */ = {
			isa = XCBuildConfiguration;
			buildSettings = {
				ALWAYS_SEARCH_USER_PATHS = NO;
				CLANG_ANALYZER_NONNULL = YES;
				CLANG_ANALYZER_NUMBER_OBJECT_CONVERSION = YES_AGGRESSIVE;
				CLANG_CXX_LANGUAGE_STANDARD = "gnu++0x";
				CLANG_CXX_LIBRARY = "libc++";
				CLANG_ENABLE_MODULES = YES;
				CLANG_ENABLE_OBJC_ARC = YES;
				CLANG_WARN_BOOL_CONVERSION = YES;
				CLANG_WARN_CONSTANT_CONVERSION = YES;
				CLANG_WARN_DIRECT_OBJC_ISA_USAGE = YES_ERROR;
				CLANG_WARN_DOCUMENTATION_COMMENTS = YES;
				CLANG_WARN_EMPTY_BODY = YES;
				CLANG_WARN_ENUM_CONVERSION = YES;
				CLANG_WARN_INFINITE_RECURSION = YES;
				CLANG_WARN_INT_CONVERSION = YES;
				CLANG_WARN_OBJC_ROOT_CLASS = YES_ERROR;
				CLANG_WARN_SUSPICIOUS_MOVE = YES;
				CLANG_WARN_UNREACHABLE_CODE = YES;
				CLANG_WARN__DUPLICATE_METHOD_MATCH = YES;
				"CODE_SIGN_IDENTITY[sdk=iphoneos*]" = "iPhone Developer";
				COPY_PHASE_STRIP = NO;
				DEBUG_INFORMATION_FORMAT = "dwarf-with-dsym";
				ENABLE_NS_ASSERTIONS = NO;
				ENABLE_STRICT_OBJC_MSGSEND = YES;
				GCC_C_LANGUAGE_STANDARD = gnu99;
				GCC_NO_COMMON_BLOCKS = YES;
				GCC_WARN_64_TO_32_BIT_CONVERSION = YES;
				GCC_WARN_ABOUT_RETURN_TYPE = YES_ERROR;
				GCC_WARN_UNDECLARED_SELECTOR = YES;
				GCC_WARN_UNINITIALIZED_AUTOS = YES_AGGRESSIVE;
				GCC_WARN_UNUSED_FUNCTION = YES;
				GCC_WARN_UNUSED_VARIABLE = YES;
				IPHONEOS_DEPLOYMENT_TARGET = 10.3;
				MTL_ENABLE_DEBUG_INFO = NO;
				SDKROOT = iphoneos;
				SWIFT_OPTIMIZATION_LEVEL = "-Owholemodule";
				TARGETED_DEVICE_FAMILY = "1,2";
				VALIDATE_PRODUCT = YES;
			};
			name = Release;
		};
		73B21AAD1FC6C01400843CD3 /* Debug */ = {
			isa = XCBuildConfiguration;
			baseConfigurationReference = 302528AF31A29BFFFC7E2F0A /* Pods-PDPReatingAndReviewExpandebleLabel.debug.xcconfig */;
			buildSettings = {
				ASSETCATALOG_COMPILER_APPICON_NAME = AppIcon;
				INFOPLIST_FILE = PDPReatingAndReviewExpandebleLabel/Info.plist;
				LD_RUNPATH_SEARCH_PATHS = "$(inherited) @executable_path/Frameworks";
				PRODUCT_BUNDLE_IDENTIFIER = com.hm.PDPReatingAndReviewExpandebleLabel;
				PRODUCT_NAME = "$(TARGET_NAME)";
				SWIFT_VERSION = 3.0;
			};
			name = Debug;
		};
		73B21AAE1FC6C01400843CD3 /* Release */ = {
			isa = XCBuildConfiguration;
			baseConfigurationReference = E17F383772EA07BDB544CA2B /* Pods-PDPReatingAndReviewExpandebleLabel.release.xcconfig */;
			buildSettings = {
				ASSETCATALOG_COMPILER_APPICON_NAME = AppIcon;
				INFOPLIST_FILE = PDPReatingAndReviewExpandebleLabel/Info.plist;
				LD_RUNPATH_SEARCH_PATHS = "$(inherited) @executable_path/Frameworks";
				PRODUCT_BUNDLE_IDENTIFIER = com.hm.PDPReatingAndReviewExpandebleLabel;
				PRODUCT_NAME = "$(TARGET_NAME)";
				SWIFT_VERSION = 3.0;
			};
			name = Release;
		};
		73B21AB01FC6C01400843CD3 /* Debug */ = {
			isa = XCBuildConfiguration;
			buildSettings = {
				ALWAYS_EMBED_SWIFT_STANDARD_LIBRARIES = YES;
				BUNDLE_LOADER = "$(TEST_HOST)";
				INFOPLIST_FILE = PDPReatingAndReviewExpandebleLabelTests/Info.plist;
				LD_RUNPATH_SEARCH_PATHS = "$(inherited) @executable_path/Frameworks @loader_path/Frameworks";
				PRODUCT_BUNDLE_IDENTIFIER = com.hm.PDPReatingAndReviewExpandebleLabelTests;
				PRODUCT_NAME = "$(TARGET_NAME)";
				SWIFT_VERSION = 3.0;
				TEST_HOST = "$(BUILT_PRODUCTS_DIR)/PDPReatingAndReviewExpandebleLabel.app/PDPReatingAndReviewExpandebleLabel";
			};
			name = Debug;
		};
		73B21AB11FC6C01400843CD3 /* Release */ = {
			isa = XCBuildConfiguration;
			buildSettings = {
				ALWAYS_EMBED_SWIFT_STANDARD_LIBRARIES = YES;
				BUNDLE_LOADER = "$(TEST_HOST)";
				INFOPLIST_FILE = PDPReatingAndReviewExpandebleLabelTests/Info.plist;
				LD_RUNPATH_SEARCH_PATHS = "$(inherited) @executable_path/Frameworks @loader_path/Frameworks";
				PRODUCT_BUNDLE_IDENTIFIER = com.hm.PDPReatingAndReviewExpandebleLabelTests;
				PRODUCT_NAME = "$(TARGET_NAME)";
				SWIFT_VERSION = 3.0;
				TEST_HOST = "$(BUILT_PRODUCTS_DIR)/PDPReatingAndReviewExpandebleLabel.app/PDPReatingAndReviewExpandebleLabel";
			};
			name = Release;
		};
		73B21AB31FC6C01400843CD3 /* Debug */ = {
			isa = XCBuildConfiguration;
			buildSettings = {
				ALWAYS_EMBED_SWIFT_STANDARD_LIBRARIES = YES;
				INFOPLIST_FILE = PDPReatingAndReviewExpandebleLabelUITests/Info.plist;
				LD_RUNPATH_SEARCH_PATHS = "$(inherited) @executable_path/Frameworks @loader_path/Frameworks";
				PRODUCT_BUNDLE_IDENTIFIER = com.hm.PDPReatingAndReviewExpandebleLabelUITests;
				PRODUCT_NAME = "$(TARGET_NAME)";
				SWIFT_VERSION = 3.0;
				TEST_TARGET_NAME = PDPReatingAndReviewExpandebleLabel;
			};
			name = Debug;
		};
		73B21AB41FC6C01400843CD3 /* Release */ = {
			isa = XCBuildConfiguration;
			buildSettings = {
				ALWAYS_EMBED_SWIFT_STANDARD_LIBRARIES = YES;
				INFOPLIST_FILE = PDPReatingAndReviewExpandebleLabelUITests/Info.plist;
				LD_RUNPATH_SEARCH_PATHS = "$(inherited) @executable_path/Frameworks @loader_path/Frameworks";
				PRODUCT_BUNDLE_IDENTIFIER = com.hm.PDPReatingAndReviewExpandebleLabelUITests;
				PRODUCT_NAME = "$(TARGET_NAME)";
				SWIFT_VERSION = 3.0;
				TEST_TARGET_NAME = PDPReatingAndReviewExpandebleLabel;
			};
			name = Release;
		};
/* End XCBuildConfiguration section */

/* Begin XCConfigurationList section */
		73B21A7F1FC6C01300843CD3 /* Build configuration list for PBXProject "PDPReatingAndReviewExpandebleLabel" */ = {
			isa = XCConfigurationList;
			buildConfigurations = (
				73B21AAA1FC6C01400843CD3 /* Debug */,
				73B21AAB1FC6C01400843CD3 /* Release */,
			);
			defaultConfigurationIsVisible = 0;
			defaultConfigurationName = Release;
		};
		73B21AAC1FC6C01400843CD3 /* Build configuration list for PBXNativeTarget "PDPReatingAndReviewExpandebleLabel" */ = {
			isa = XCConfigurationList;
			buildConfigurations = (
				73B21AAD1FC6C01400843CD3 /* Debug */,
				73B21AAE1FC6C01400843CD3 /* Release */,
			);
			defaultConfigurationIsVisible = 0;
			defaultConfigurationName = Release;
		};
		73B21AAF1FC6C01400843CD3 /* Build configuration list for PBXNativeTarget "PDPReatingAndReviewExpandebleLabelTests" */ = {
			isa = XCConfigurationList;
			buildConfigurations = (
				73B21AB01FC6C01400843CD3 /* Debug */,
				73B21AB11FC6C01400843CD3 /* Release */,
			);
			defaultConfigurationIsVisible = 0;
			defaultConfigurationName = Release;
		};
		73B21AB21FC6C01400843CD3 /* Build configuration list for PBXNativeTarget "PDPReatingAndReviewExpandebleLabelUITests" */ = {
			isa = XCConfigurationList;
			buildConfigurations = (
				73B21AB31FC6C01400843CD3 /* Debug */,
				73B21AB41FC6C01400843CD3 /* Release */,
			);
			defaultConfigurationIsVisible = 0;
			defaultConfigurationName = Release;
		};
/* End XCConfigurationList section */
	};
	rootObject = 73B21A7C1FC6C01300843CD3 /* Project object */;
}
